
Microsoft Visual Studio Solution File, Format Version 12.00
# Visual Studio 2013
VisualStudioVersion = 12.0.21005.1
MinimumVisualStudioVersion = 10.0.40219.1
Project("{FAE04EC0-301F-11D3-BF4B-00C04F79EFBC}") = "WorkFlowSpy", "WorkFlowSpy\WorkFlowSpy.csproj", "{5FD732A1-5B3A-46B0-980A-ED703A1A206C}"
EndProject
Project("{FAE04EC0-301F-11D3-BF4B-00C04F79EFBC}") = "WFlowManager", "WFlowManager\WFlowManager.csproj", "{CEF2D4E1-D920-4AE7-9FEE-2C96E697905F}"
EndProject
Project("{FAE04EC0-301F-11D3-BF4B-00C04F79EFBC}") = "DataSourceService", "DataSourceService\DataSourceService.csproj", "{8E9120EC-10F0-40AF-B3D5-D0CE3721B608}"
EndProject
Project("{FAE04EC0-301F-11D3-BF4B-00C04F79EFBC}") = "WorkFlowSpy.Tests", "WorkFlowSpy.Tests\WorkFlowSpy.Tests.csproj", "{AF9CDA93-D3F4-4EB9-8962-F36B31DDC3B0}"
EndProject

Global
	GlobalSection(SolutionConfigurationPlatforms) = preSolution
		Debug|Any CPU = Debug|Any CPU
		Release|Any CPU = Release|Any CPU
	EndGlobalSection
	GlobalSection(ProjectConfigurationPlatforms) = postSolution
		{5FD732A1-5B3A-46B0-980A-ED703A1A206C}.Debug|Any CPU.ActiveCfg = Debug|Any CPU
		{5FD732A1-5B3A-46B0-980A-ED703A1A206C}.Debug|Any CPU.Build.0 = Debug|Any CPU
		{5FD732A1-5B3A-46B0-980A-ED703A1A206C}.Release|Any CPU.ActiveCfg = Release|Any CPU
		{5FD732A1-5B3A-46B0-980A-ED703A1A206C}.Release|Any CPU.Build.0 = Release|Any CPU
		{AF9CDA93-D3F4-4EB9-8962-F36B31DDC3B0}.Debug|Any CPU.ActiveCfg = Debug|Any CPU
		{AF9CDA93-D3F4-4EB9-8962-F36B31DDC3B0}.Debug|Any CPU.Build.0 = Debug|Any CPU
		{AF9CDA93-D3F4-4EB9-8962-F36B31DDC3B0}.Release|Any CPU.ActiveCfg = Release|Any CPU
		{AF9CDA93-D3F4-4EB9-8962-F36B31DDC3B0}.Release|Any CPU.Build.0 = Release|Any CPU
		{CEF2D4E1-D920-4AE7-9FEE-2C96E697905F}.Debug|Any CPU.ActiveCfg = Debug|Any CPU
		{CEF2D4E1-D920-4AE7-9FEE-2C96E697905F}.Debug|Any CPU.Build.0 = Debug|Any CPU
		{CEF2D4E1-D920-4AE7-9FEE-2C96E697905F}.Release|Any CPU.ActiveCfg = Release|Any CPU
		{CEF2D4E1-D920-4AE7-9FEE-2C96E697905F}.Release|Any CPU.Build.0 = Release|Any CPU
		{8E9120EC-10F0-40AF-B3D5-D0CE3721B608}.Debug|Any CPU.ActiveCfg = Debug|Any CPU
		{8E9120EC-10F0-40AF-B3D5-D0CE3721B608}.Debug|Any CPU.Build.0 = Debug|Any CPU
		{8E9120EC-10F0-40AF-B3D5-D0CE3721B608}.Release|Any CPU.ActiveCfg = Release|Any CPU
		{8E9120EC-10F0-40AF-B3D5-D0CE3721B608}.Release|Any CPU.Build.0 = Release|Any CPU
	EndGlobalSection
	GlobalSection(SolutionProperties) = preSolution
		HideSolutionNode = FALSE
	EndGlobalSection
EndGlobal
